
Microsoft Visual Studio Solution File, Format Version 12.00
# Visual Studio Version 17
VisualStudioVersion = 17.10.35027.167
MinimumVisualStudioVersion = 10.0.40219.1
Project("{FAE04EC0-301F-11D3-BF4B-00C04F79EFBC}") = "POS.API", "POS.API\POS.API.csproj", "{3930A993-4ED2-40EB-A245-3B34885BCB78}"
EndProject
Project("{FAE04EC0-301F-11D3-BF4B-00C04F79EFBC}") = "POS.API.DATA", "POS.API.DATA\POS.API.DATA.csproj", "{C429DD17-9C84-440B-BC08-EEC3450A50A2}"
EndProject
Project("{FAE04EC0-301F-11D3-BF4B-00C04F79EFBC}") = "POS.API.MODEL", "POS.API.MODEL\POS.API.MODEL.csproj", "{6216DEFD-FE67-4C9D-AD25-FC4EFCC46523}"
EndProject
Project("{FAE04EC0-301F-11D3-BF4B-00C04F79EFBC}") = "POS.API.REPOSITORIES", "POS.API.REPOSITORIES\POS.API.REPOSITORIES.csproj", "{8D81C46D-465B-4BCB-9DA8-D814F34D0427}"
EndProject
Project("{FAE04EC0-301F-11D3-BF4B-00C04F79EFBC}") = "POS.API.SERVICES", "POS.API.SERVICES\POS.API.SERVICES.csproj", "{1B827C15-1C01-42B2-A95C-2EED46BE8A02}"
EndProject
Project("{FAE04EC0-301F-11D3-BF4B-00C04F79EFBC}") = "POS.API.UNITTEST", "POS.API.UNITTEST\POS.API.UNITTEST.csproj", "{497C33B3-E682-4089-A1CF-0C1B4902EA2E}"
EndProject
Global
	GlobalSection(SolutionConfigurationPlatforms) = preSolution
		Debug|Any CPU = Debug|Any CPU
		Release|Any CPU = Release|Any CPU
	EndGlobalSection
	GlobalSection(ProjectConfigurationPlatforms) = postSolution
		{3930A993-4ED2-40EB-A245-3B34885BCB78}.Debug|Any CPU.ActiveCfg = Debug|Any CPU
		{3930A993-4ED2-40EB-A245-3B34885BCB78}.Debug|Any CPU.Build.0 = Debug|Any CPU
		{3930A993-4ED2-40EB-A245-3B34885BCB78}.Release|Any CPU.ActiveCfg = Release|Any CPU
		{3930A993-4ED2-40EB-A245-3B34885BCB78}.Release|Any CPU.Build.0 = Release|Any CPU
		{C429DD17-9C84-440B-BC08-EEC3450A50A2}.Debug|Any CPU.ActiveCfg = Debug|Any CPU
		{C429DD17-9C84-440B-BC08-EEC3450A50A2}.Debug|Any CPU.Build.0 = Debug|Any CPU
		{C429DD17-9C84-440B-BC08-EEC3450A50A2}.Release|Any CPU.ActiveCfg = Release|Any CPU
		{C429DD17-9C84-440B-BC08-EEC3450A50A2}.Release|Any CPU.Build.0 = Release|Any CPU
		{6216DEFD-FE67-4C9D-AD25-FC4EFCC46523}.Debug|Any CPU.ActiveCfg = Debug|Any CPU
		{6216DEFD-FE67-4C9D-AD25-FC4EFCC46523}.Debug|Any CPU.Build.0 = Debug|Any CPU
		{6216DEFD-FE67-4C9D-AD25-FC4EFCC46523}.Release|Any CPU.ActiveCfg = Release|Any CPU
		{6216DEFD-FE67-4C9D-AD25-FC4EFCC46523}.Release|Any CPU.Build.0 = Release|Any CPU
		{8D81C46D-465B-4BCB-9DA8-D814F34D0427}.Debug|Any CPU.ActiveCfg = Debug|Any CPU
		{8D81C46D-465B-4BCB-9DA8-D814F34D0427}.Debug|Any CPU.Build.0 = Debug|Any CPU
		{8D81C46D-465B-4BCB-9DA8-D814F34D0427}.Release|Any CPU.ActiveCfg = Release|Any CPU
		{8D81C46D-465B-4BCB-9DA8-D814F34D0427}.Release|Any CPU.Build.0 = Release|Any CPU
		{1B827C15-1C01-42B2-A95C-2EED46BE8A02}.Debug|Any CPU.ActiveCfg = Debug|Any CPU
		{1B827C15-1C01-42B2-A95C-2EED46BE8A02}.Debug|Any CPU.Build.0 = Debug|Any CPU
		{1B827C15-1C01-42B2-A95C-2EED46BE8A02}.Release|Any CPU.ActiveCfg = Release|Any CPU
		{1B827C15-1C01-42B2-A95C-2EED46BE8A02}.Release|Any CPU.Build.0 = Release|Any CPU
		{497C33B3-E682-4089-A1CF-0C1B4902EA2E}.Debug|Any CPU.ActiveCfg = Debug|Any CPU
		{497C33B3-E682-4089-A1CF-0C1B4902EA2E}.Debug|Any CPU.Build.0 = Debug|Any CPU
		{497C33B3-E682-4089-A1CF-0C1B4902EA2E}.Release|Any CPU.ActiveCfg = Release|Any CPU
		{497C33B3-E682-4089-A1CF-0C1B4902EA2E}.Release|Any CPU.Build.0 = Release|Any CPU
	EndGlobalSection
	GlobalSection(SolutionProperties) = preSolution
		HideSolutionNode = FALSE
	EndGlobalSection
	GlobalSection(ExtensibilityGlobals) = postSolution
		SolutionGuid = {7E25301F-7F51-45DA-B6D1-FF6C727D36E2}
	EndGlobalSection
EndGlobal
